
Microsoft Visual Studio Solution File, Format Version 12.00
# Visual Studio 15
VisualStudioVersion = 15.0.28010.2041
MinimumVisualStudioVersion = 10.0.40219.1
Project("{FAE04EC0-301F-11D3-BF4B-00C04F79EFBC}") = "SignalRChat", "SignalRChat\SignalRChat.csproj", "{B21DDE54-7B8D-4AC6-8459-B7DF1A9D840C}"
EndProject
Global
	GlobalSection(SolutionConfigurationPlatforms) = preSolution
		Debug|Any CPU = Debug|Any CPU
		Release|Any CPU = Release|Any CPU
	EndGlobalSection
	GlobalSection(ProjectConfigurationPlatforms) = postSolution
		{B21DDE54-7B8D-4AC6-8459-B7DF1A9D840C}.Debug|Any CPU.ActiveCfg = Debug|Any CPU
		{B21DDE54-7B8D-4AC6-8459-B7DF1A9D840C}.Debug|Any CPU.Build.0 = Debug|Any CPU
		{B21DDE54-7B8D-4AC6-8459-B7DF1A9D840C}.Release|Any CPU.ActiveCfg = Release|Any CPU
		{B21DDE54-7B8D-4AC6-8459-B7DF1A9D840C}.Release|Any CPU.Build.0 = Release|Any CPU
	EndGlobalSection
	GlobalSection(SolutionProperties) = preSolution
		HideSolutionNode = FALSE
	EndGlobalSection
	GlobalSection(ExtensibilityGlobals) = postSolution
		SolutionGuid = {E4137828-C6D7-430E-A0CA-5BDC489CC988}
	EndGlobalSection
EndGlobal
